
Microsoft Visual Studio Solution File, Format Version 12.00
# Visual Studio Version 17
VisualStudioVersion = 17.10.35431.56
MinimumVisualStudioVersion = 10.0.40219.1
Project("{9A19103F-16F7-4668-BE54-9A1E7A4F7556}") = "Presentation", "Presentation\Presentation.csproj", "{F37E5F15-F324-4379-80FB-57E5D5BB3DEB}"
EndProject
Project("{9A19103F-16F7-4668-BE54-9A1E7A4F7556}") = "Application", "Application\Application.csproj", "{A18B930F-78A0-4C12-9DA3-FE7E8A384BF5}"
EndProject
Project("{9A19103F-16F7-4668-BE54-9A1E7A4F7556}") = "Infrastructure", "Infrastructure\Infrastructure.csproj", "{0BED8DA4-2CDC-47FD-BA60-02AA04160C51}"
EndProject
Project("{2150E333-8FDC-42A3-9474-1A3956D46DE8}") = "Tests", "Tests", "{3F1D31AC-EA77-45DB-8A2F-7B65FC18CFE0}"
EndProject
Project("{9A19103F-16F7-4668-BE54-9A1E7A4F7556}") = "Domain", "Domain\Domain.csproj", "{7CC30D34-8E91-4A28-8D16-8A186AB0593D}"
EndProject
Project("{9A19103F-16F7-4668-BE54-9A1E7A4F7556}") = "Application.Test", "Tests\Application.Test\Application.Test.csproj", "{3F6202AB-FB2F-45A5-87A4-0AA90179E1B0}"
EndProject
Project("{9A19103F-16F7-4668-BE54-9A1E7A4F7556}") = "IntergrationEvents", "..\Common\IntergrationEvents\IntergrationEvents.csproj", "{680D6200-B488-4503-9DCF-13A81464F21E}"
EndProject
Project("{FAE04EC0-301F-11D3-BF4B-00C04F79EFBC}") = "Domain.Test", "Tests\Domain.Test\Domain.Test.csproj", "{A4493914-48C3-4D21-BEB0-06F9A1796CC5}"
EndProject
Global
	GlobalSection(SolutionConfigurationPlatforms) = preSolution
		Debug|Any CPU = Debug|Any CPU
		Release|Any CPU = Release|Any CPU
	EndGlobalSection
	GlobalSection(ProjectConfigurationPlatforms) = postSolution
		{F37E5F15-F324-4379-80FB-57E5D5BB3DEB}.Debug|Any CPU.ActiveCfg = Debug|Any CPU
		{F37E5F15-F324-4379-80FB-57E5D5BB3DEB}.Debug|Any CPU.Build.0 = Debug|Any CPU
		{F37E5F15-F324-4379-80FB-57E5D5BB3DEB}.Release|Any CPU.ActiveCfg = Release|Any CPU
		{F37E5F15-F324-4379-80FB-57E5D5BB3DEB}.Release|Any CPU.Build.0 = Release|Any CPU
		{A18B930F-78A0-4C12-9DA3-FE7E8A384BF5}.Debug|Any CPU.ActiveCfg = Debug|Any CPU
		{A18B930F-78A0-4C12-9DA3-FE7E8A384BF5}.Debug|Any CPU.Build.0 = Debug|Any CPU
		{A18B930F-78A0-4C12-9DA3-FE7E8A384BF5}.Release|Any CPU.ActiveCfg = Release|Any CPU
		{A18B930F-78A0-4C12-9DA3-FE7E8A384BF5}.Release|Any CPU.Build.0 = Release|Any CPU
		{0BED8DA4-2CDC-47FD-BA60-02AA04160C51}.Debug|Any CPU.ActiveCfg = Debug|Any CPU
		{0BED8DA4-2CDC-47FD-BA60-02AA04160C51}.Debug|Any CPU.Build.0 = Debug|Any CPU
		{0BED8DA4-2CDC-47FD-BA60-02AA04160C51}.Release|Any CPU.ActiveCfg = Release|Any CPU
		{0BED8DA4-2CDC-47FD-BA60-02AA04160C51}.Release|Any CPU.Build.0 = Release|Any CPU
		{7CC30D34-8E91-4A28-8D16-8A186AB0593D}.Debug|Any CPU.ActiveCfg = Debug|Any CPU
		{7CC30D34-8E91-4A28-8D16-8A186AB0593D}.Debug|Any CPU.Build.0 = Debug|Any CPU
		{7CC30D34-8E91-4A28-8D16-8A186AB0593D}.Release|Any CPU.ActiveCfg = Release|Any CPU
		{7CC30D34-8E91-4A28-8D16-8A186AB0593D}.Release|Any CPU.Build.0 = Release|Any CPU
		{3F6202AB-FB2F-45A5-87A4-0AA90179E1B0}.Debug|Any CPU.ActiveCfg = Debug|Any CPU
		{3F6202AB-FB2F-45A5-87A4-0AA90179E1B0}.Debug|Any CPU.Build.0 = Debug|Any CPU
		{3F6202AB-FB2F-45A5-87A4-0AA90179E1B0}.Release|Any CPU.ActiveCfg = Release|Any CPU
		{3F6202AB-FB2F-45A5-87A4-0AA90179E1B0}.Release|Any CPU.Build.0 = Release|Any CPU
		{680D6200-B488-4503-9DCF-13A81464F21E}.Debug|Any CPU.ActiveCfg = Debug|Any CPU
		{680D6200-B488-4503-9DCF-13A81464F21E}.Debug|Any CPU.Build.0 = Debug|Any CPU
		{680D6200-B488-4503-9DCF-13A81464F21E}.Release|Any CPU.ActiveCfg = Release|Any CPU
		{680D6200-B488-4503-9DCF-13A81464F21E}.Release|Any CPU.Build.0 = Release|Any CPU
		{A4493914-48C3-4D21-BEB0-06F9A1796CC5}.Debug|Any CPU.ActiveCfg = Debug|Any CPU
		{A4493914-48C3-4D21-BEB0-06F9A1796CC5}.Debug|Any CPU.Build.0 = Debug|Any CPU
		{A4493914-48C3-4D21-BEB0-06F9A1796CC5}.Release|Any CPU.ActiveCfg = Release|Any CPU
		{A4493914-48C3-4D21-BEB0-06F9A1796CC5}.Release|Any CPU.Build.0 = Release|Any CPU
	EndGlobalSection
	GlobalSection(SolutionProperties) = preSolution
		HideSolutionNode = FALSE
	EndGlobalSection
	GlobalSection(NestedProjects) = preSolution
		{3F6202AB-FB2F-45A5-87A4-0AA90179E1B0} = {3F1D31AC-EA77-45DB-8A2F-7B65FC18CFE0}
		{A4493914-48C3-4D21-BEB0-06F9A1796CC5} = {3F1D31AC-EA77-45DB-8A2F-7B65FC18CFE0}
	EndGlobalSection
	GlobalSection(ExtensibilityGlobals) = postSolution
		SolutionGuid = {8D23DE22-BFA8-483B-9DE1-C214F803B206}
	EndGlobalSection
EndGlobal
